// !$*UTF8*$!
{
	archiveVersion = 1;
	classes = {
	};
	objectVersion = 55;
	objects = {

/* Begin PBXBuildFile section */
		C5F69AA928BC538300BD823C /* AppDelegate.swift in Sources */ = {isa = PBXBuildFile; fileRef = C5F69AA828BC538300BD823C /* AppDelegate.swift */; };
		C5F69AAB28BC538300BD823C /* SceneDelegate.swift in Sources */ = {isa = PBXBuildFile; fileRef = C5F69AAA28BC538300BD823C /* SceneDelegate.swift */; };
		C5F69AAD28BC538300BD823C /* HomeViewController.swift in Sources */ = {isa = PBXBuildFile; fileRef = C5F69AAC28BC538300BD823C /* HomeViewController.swift */; };
		C5F69AB028BC538300BD823C /* Main.storyboard in Resources */ = {isa = PBXBuildFile; fileRef = C5F69AAE28BC538300BD823C /* Main.storyboard */; };
		C5F69AB228BC538400BD823C /* Assets.xcassets in Resources */ = {isa = PBXBuildFile; fileRef = C5F69AB128BC538400BD823C /* Assets.xcassets */; };
		C5F69AB528BC538400BD823C /* LaunchScreen.storyboard in Resources */ = {isa = PBXBuildFile; fileRef = C5F69AB328BC538400BD823C /* LaunchScreen.storyboard */; };
		C5F69AC028BC538400BD823C /* LetterToEventTests.swift in Sources */ = {isa = PBXBuildFile; fileRef = C5F69ABF28BC538400BD823C /* LetterToEventTests.swift */; };
		C5F69ACA28BC538400BD823C /* LetterToEventUITests.swift in Sources */ = {isa = PBXBuildFile; fileRef = C5F69AC928BC538400BD823C /* LetterToEventUITests.swift */; };
		C5F69ACC28BC538400BD823C /* LetterToEventUITestsLaunchTests.swift in Sources */ = {isa = PBXBuildFile; fileRef = C5F69ACB28BC538400BD823C /* LetterToEventUITestsLaunchTests.swift */; };
		C5F69AD928BC795A00BD823C /* MiddleViewController.swift in Sources */ = {isa = PBXBuildFile; fileRef = C5F69AD828BC795A00BD823C /* MiddleViewController.swift */; };
		C5F69B2028BDC11A00BD823C /* EventData.swift in Sources */ = {isa = PBXBuildFile; fileRef = C5F69B1F28BDC11A00BD823C /* EventData.swift */; };
		C5F69B2228BF359900BD823C /* EventBox.swift in Sources */ = {isa = PBXBuildFile; fileRef = C5F69B2128BF359900BD823C /* EventBox.swift */; };
/* End PBXBuildFile section */

/* Begin PBXContainerItemProxy section */
		C5F69ABC28BC538400BD823C /* PBXContainerItemProxy */ = {
			isa = PBXContainerItemProxy;
			containerPortal = C5F69A9D28BC538300BD823C /* Project object */;
			proxyType = 1;
			remoteGlobalIDString = C5F69AA428BC538300BD823C;
			remoteInfo = LetterToEvent;
		};
		C5F69AC628BC538400BD823C /* PBXContainerItemProxy */ = {
			isa = PBXContainerItemProxy;
			containerPortal = C5F69A9D28BC538300BD823C /* Project object */;
			proxyType = 1;
			remoteGlobalIDString = C5F69AA428BC538300BD823C;
			remoteInfo = LetterToEvent;
		};
/* End PBXContainerItemProxy section */

/* Begin PBXFileReference section */
		C5F69AA528BC538300BD823C /* LetterToEvent.app */ = {isa = PBXFileReference; explicitFileType = wrapper.application; includeInIndex = 0; path = LetterToEvent.app; sourceTree = BUILT_PRODUCTS_DIR; };
		C5F69AA828BC538300BD823C /* AppDelegate.swift */ = {isa = PBXFileReference; lastKnownFileType = sourcecode.swift; path = AppDelegate.swift; sourceTree = "<group>"; };
		C5F69AAA28BC538300BD823C /* SceneDelegate.swift */ = {isa = PBXFileReference; lastKnownFileType = sourcecode.swift; path = SceneDelegate.swift; sourceTree = "<group>"; };
		C5F69AAC28BC538300BD823C /* HomeViewController.swift */ = {isa = PBXFileReference; lastKnownFileType = sourcecode.swift; path = HomeViewController.swift; sourceTree = "<group>"; };
		C5F69AAF28BC538300BD823C /* Base */ = {isa = PBXFileReference; lastKnownFileType = file.storyboard; name = Base; path = Base.lproj/Main.storyboard; sourceTree = "<group>"; };
		C5F69AB128BC538400BD823C /* Assets.xcassets */ = {isa = PBXFileReference; lastKnownFileType = folder.assetcatalog; path = Assets.xcassets; sourceTree = "<group>"; };
		C5F69AB428BC538400BD823C /* Base */ = {isa = PBXFileReference; lastKnownFileType = file.storyboard; name = Base; path = Base.lproj/LaunchScreen.storyboard; sourceTree = "<group>"; };
		C5F69AB628BC538400BD823C /* Info.plist */ = {isa = PBXFileReference; lastKnownFileType = text.plist.xml; path = Info.plist; sourceTree = "<group>"; };
		C5F69ABB28BC538400BD823C /* LetterToEventTests.xctest */ = {isa = PBXFileReference; explicitFileType = wrapper.cfbundle; includeInIndex = 0; path = LetterToEventTests.xctest; sourceTree = BUILT_PRODUCTS_DIR; };
		C5F69ABF28BC538400BD823C /* LetterToEventTests.swift */ = {isa = PBXFileReference; lastKnownFileType = sourcecode.swift; path = LetterToEventTests.swift; sourceTree = "<group>"; };
		C5F69AC528BC538400BD823C /* LetterToEventUITests.xctest */ = {isa = PBXFileReference; explicitFileType = wrapper.cfbundle; includeInIndex = 0; path = LetterToEventUITests.xctest; sourceTree = BUILT_PRODUCTS_DIR; };
		C5F69AC928BC538400BD823C /* LetterToEventUITests.swift */ = {isa = PBXFileReference; lastKnownFileType = sourcecode.swift; path = LetterToEventUITests.swift; sourceTree = "<group>"; };
		C5F69ACB28BC538400BD823C /* LetterToEventUITestsLaunchTests.swift */ = {isa = PBXFileReference; lastKnownFileType = sourcecode.swift; path = LetterToEventUITestsLaunchTests.swift; sourceTree = "<group>"; };
		C5F69AD828BC795A00BD823C /* MiddleViewController.swift */ = {isa = PBXFileReference; lastKnownFileType = sourcecode.swift; path = MiddleViewController.swift; sourceTree = "<group>"; };
		C5F69B1F28BDC11A00BD823C /* EventData.swift */ = {isa = PBXFileReference; lastKnownFileType = sourcecode.swift; path = EventData.swift; sourceTree = "<group>"; };
		C5F69B2128BF359900BD823C /* EventBox.swift */ = {isa = PBXFileReference; lastKnownFileType = sourcecode.swift; path = EventBox.swift; sourceTree = "<group>"; };
/* End PBXFileReference section */

/* Begin PBXFrameworksBuildPhase section */
		C5F69AA228BC538300BD823C /* Frameworks */ = {
			isa = PBXFrameworksBuildPhase;
			buildActionMask = 2147483647;
			files = (
			);
			runOnlyForDeploymentPostprocessing = 0;
		};
		C5F69AB828BC538400BD823C /* Frameworks */ = {
			isa = PBXFrameworksBuildPhase;
			buildActionMask = 2147483647;
			files = (
			);
			runOnlyForDeploymentPostprocessing = 0;
		};
		C5F69AC228BC538400BD823C /* Frameworks */ = {
			isa = PBXFrameworksBuildPhase;
			buildActionMask = 2147483647;
			files = (
			);
			runOnlyForDeploymentPostprocessing = 0;
		};
/* End PBXFrameworksBuildPhase section */

/* Begin PBXGroup section */
		C5F69A9C28BC538300BD823C = {
			isa = PBXGroup;
			children = (
				C5F69AA728BC538300BD823C /* LetterToEvent */,
				C5F69ABE28BC538400BD823C /* LetterToEventTests */,
				C5F69AC828BC538400BD823C /* LetterToEventUITests */,
				C5F69AA628BC538300BD823C /* Products */,
			);
			sourceTree = "<group>";
		};
		C5F69AA628BC538300BD823C /* Products */ = {
			isa = PBXGroup;
			children = (
				C5F69AA528BC538300BD823C /* LetterToEvent.app */,
				C5F69ABB28BC538400BD823C /* LetterToEventTests.xctest */,
				C5F69AC528BC538400BD823C /* LetterToEventUITests.xctest */,
			);
			name = Products;
			sourceTree = "<group>";
		};
		C5F69AA728BC538300BD823C /* LetterToEvent */ = {
			isa = PBXGroup;
			children = (
				C5F69AA828BC538300BD823C /* AppDelegate.swift */,
				C5F69AAA28BC538300BD823C /* SceneDelegate.swift */,
				C5F69AAC28BC538300BD823C /* HomeViewController.swift */,
				C5F69AAE28BC538300BD823C /* Main.storyboard */,
				C5F69AB128BC538400BD823C /* Assets.xcassets */,
				C5F69AB328BC538400BD823C /* LaunchScreen.storyboard */,
				C5F69AB628BC538400BD823C /* Info.plist */,
				C5F69AD828BC795A00BD823C /* MiddleViewController.swift */,
				C5F69B1F28BDC11A00BD823C /* EventData.swift */,
				C5F69B2128BF359900BD823C /* EventBox.swift */,
			);
			path = LetterToEvent;
			sourceTree = "<group>";
		};
		C5F69ABE28BC538400BD823C /* LetterToEventTests */ = {
			isa = PBXGroup;
			children = (
				C5F69ABF28BC538400BD823C /* LetterToEventTests.swift */,
			);
			path = LetterToEventTests;
			sourceTree = "<group>";
		};
		C5F69AC828BC538400BD823C /* LetterToEventUITests */ = {
			isa = PBXGroup;
			children = (
				C5F69AC928BC538400BD823C /* LetterToEventUITests.swift */,
				C5F69ACB28BC538400BD823C /* LetterToEventUITestsLaunchTests.swift */,
			);
			path = LetterToEventUITests;
			sourceTree = "<group>";
		};
/* End PBXGroup section */

/* Begin PBXNativeTarget section */
		C5F69AA428BC538300BD823C /* LetterToEvent */ = {
			isa = PBXNativeTarget;
			buildConfigurationList = C5F69ACF28BC538400BD823C /* Build configuration list for PBXNativeTarget "LetterToEvent" */;
			buildPhases = (
				C5F69AA128BC538300BD823C /* Sources */,
				C5F69AA228BC538300BD823C /* Frameworks */,
				C5F69AA328BC538300BD823C /* Resources */,
			);
			buildRules = (
			);
			dependencies = (
			);
			name = LetterToEvent;
			productName = LetterToEvent;
			productReference = C5F69AA528BC538300BD823C /* LetterToEvent.app */;
			productType = "com.apple.product-type.application";
		};
		C5F69ABA28BC538400BD823C /* LetterToEventTests */ = {
			isa = PBXNativeTarget;
			buildConfigurationList = C5F69AD228BC538400BD823C /* Build configuration list for PBXNativeTarget "LetterToEventTests" */;
			buildPhases = (
				C5F69AB728BC538400BD823C /* Sources */,
				C5F69AB828BC538400BD823C /* Frameworks */,
				C5F69AB928BC538400BD823C /* Resources */,
			);
			buildRules = (
			);
			dependencies = (
				C5F69ABD28BC538400BD823C /* PBXTargetDependency */,
			);
			name = LetterToEventTests;
			productName = LetterToEventTests;
			productReference = C5F69ABB28BC538400BD823C /* LetterToEventTests.xctest */;
			productType = "com.apple.product-type.bundle.unit-test";
		};
		C5F69AC428BC538400BD823C /* LetterToEventUITests */ = {
			isa = PBXNativeTarget;
			buildConfigurationList = C5F69AD528BC538400BD823C /* Build configuration list for PBXNativeTarget "LetterToEventUITests" */;
			buildPhases = (
				C5F69AC128BC538400BD823C /* Sources */,
				C5F69AC228BC538400BD823C /* Frameworks */,
				C5F69AC328BC538400BD823C /* Resources */,
			);
			buildRules = (
			);
			dependencies = (
				C5F69AC728BC538400BD823C /* PBXTargetDependency */,
			);
			name = LetterToEventUITests;
			productName = LetterToEventUITests;
			productReference = C5F69AC528BC538400BD823C /* LetterToEventUITests.xctest */;
			productType = "com.apple.product-type.bundle.ui-testing";
		};
/* End PBXNativeTarget section */

/* Begin PBXProject section */
		C5F69A9D28BC538300BD823C /* Project object */ = {
			isa = PBXProject;
			attributes = {
				BuildIndependentTargetsInParallel = 1;
				LastSwiftUpdateCheck = 1340;
				LastUpgradeCheck = 1340;
				TargetAttributes = {
					C5F69AA428BC538300BD823C = {
						CreatedOnToolsVersion = 13.4.1;
					};
					C5F69ABA28BC538400BD823C = {
						CreatedOnToolsVersion = 13.4.1;
						TestTargetID = C5F69AA428BC538300BD823C;
					};
					C5F69AC428BC538400BD823C = {
						CreatedOnToolsVersion = 13.4.1;
						TestTargetID = C5F69AA428BC538300BD823C;
					};
				};
			};
			buildConfigurationList = C5F69AA028BC538300BD823C /* Build configuration list for PBXProject "LetterToEvent" */;
			compatibilityVersion = "Xcode 13.0";
			developmentRegion = en;
			hasScannedForEncodings = 0;
			knownRegions = (
				en,
				Base,
			);
			mainGroup = C5F69A9C28BC538300BD823C;
			productRefGroup = C5F69AA628BC538300BD823C /* Products */;
			projectDirPath = "";
			projectRoot = "";
			targets = (
				C5F69AA428BC538300BD823C /* LetterToEvent */,
				C5F69ABA28BC538400BD823C /* LetterToEventTests */,
				C5F69AC428BC538400BD823C /* LetterToEventUITests */,
			);
		};
/* End PBXProject section */

/* Begin PBXResourcesBuildPhase section */
		C5F69AA328BC538300BD823C /* Resources */ = {
			isa = PBXResourcesBuildPhase;
			buildActionMask = 2147483647;
			files = (
				C5F69AB528BC538400BD823C /* LaunchScreen.storyboard in Resources */,
				C5F69AB228BC538400BD823C /* Assets.xcassets in Resources */,
				C5F69AB028BC538300BD823C /* Main.storyboard in Resources */,
			);
			runOnlyForDeploymentPostprocessing = 0;
		};
		C5F69AB928BC538400BD823C /* Resources */ = {
			isa = PBXResourcesBuildPhase;
			buildActionMask = 2147483647;
			files = (
			);
			runOnlyForDeploymentPostprocessing = 0;
		};
		C5F69AC328BC538400BD823C /* Resources */ = {
			isa = PBXResourcesBuildPhase;
			buildActionMask = 2147483647;
			files = (
			);
			runOnlyForDeploymentPostprocessing = 0;
		};
/* End PBXResourcesBuildPhase section */

/* Begin PBXSourcesBuildPhase section */
		C5F69AA128BC538300BD823C /* Sources */ = {
			isa = PBXSourcesBuildPhase;
			buildActionMask = 2147483647;
			files = (
				C5F69AAD28BC538300BD823C /* HomeViewController.swift in Sources */,
				C5F69AA928BC538300BD823C /* AppDelegate.swift in Sources */,
				C5F69AAB28BC538300BD823C /* SceneDelegate.swift in Sources */,
				C5F69AD928BC795A00BD823C /* MiddleViewController.swift in Sources */,
				C5F69B2228BF359900BD823C /* EventBox.swift in Sources */,
				C5F69B2028BDC11A00BD823C /* EventData.swift in Sources */,
			);
			runOnlyForDeploymentPostprocessing = 0;
		};
		C5F69AB728BC538400BD823C /* Sources */ = {
			isa = PBXSourcesBuildPhase;
			buildActionMask = 2147483647;
			files = (
				C5F69AC028BC538400BD823C /* LetterToEventTests.swift in Sources */,
			);
			runOnlyForDeploymentPostprocessing = 0;
		};
		C5F69AC128BC538400BD823C /* Sources */ = {
			isa = PBXSourcesBuildPhase;
			buildActionMask = 2147483647;
			files = (
				C5F69ACC28BC538400BD823C /* LetterToEventUITestsLaunchTests.swift in Sources */,
				C5F69ACA28BC538400BD823C /* LetterToEventUITests.swift in Sources */,
			);
			runOnlyForDeploymentPostprocessing = 0;
		};
/* End PBXSourcesBuildPhase section */

/* Begin PBXTargetDependency section */
		C5F69ABD28BC538400BD823C /* PBXTargetDependency */ = {
			isa = PBXTargetDependency;
			target = C5F69AA428BC538300BD823C /* LetterToEvent */;
			targetProxy = C5F69ABC28BC538400BD823C /* PBXContainerItemProxy */;
		};
		C5F69AC728BC538400BD823C /* PBXTargetDependency */ = {
			isa = PBXTargetDependency;
			target = C5F69AA428BC538300BD823C /* LetterToEvent */;
			targetProxy = C5F69AC628BC538400BD823C /* PBXContainerItemProxy */;
		};
/* End PBXTargetDependency section */

/* Begin PBXVariantGroup section */
		C5F69AAE28BC538300BD823C /* Main.storyboard */ = {
			isa = PBXVariantGroup;
			children = (
				C5F69AAF28BC538300BD823C /* Base */,
			);
			name = Main.storyboard;
			sourceTree = "<group>";
		};
		C5F69AB328BC538400BD823C /* LaunchScreen.storyboard */ = {
			isa = PBXVariantGroup;
			children = (
				C5F69AB428BC538400BD823C /* Base */,
			);
			name = LaunchScreen.storyboard;
			sourceTree = "<group>";
		};
/* End PBXVariantGroup section */

/* Begin XCBuildConfiguration section */
		C5F69ACD28BC538400BD823C /* Debug */ = {
			isa = XCBuildConfiguration;
			buildSettings = {
				ALWAYS_SEARCH_USER_PATHS = NO;
				CLANG_ANALYZER_NONNULL = YES;
				CLANG_ANALYZER_NUMBER_OBJECT_CONVERSION = YES_AGGRESSIVE;
				CLANG_CXX_LANGUAGE_STANDARD = "gnu++17";
				CLANG_ENABLE_MODULES = YES;
				CLANG_ENABLE_OBJC_ARC = YES;
				CLANG_ENABLE_OBJC_WEAK = YES;
				CLANG_WARN_BLOCK_CAPTURE_AUTORELEASING = YES;
				CLANG_WARN_BOOL_CONVERSION = YES;
				CLANG_WARN_COMMA = YES;
				CLANG_WARN_CONSTANT_CONVERSION = YES;
				CLANG_WARN_DEPRECATED_OBJC_IMPLEMENTATIONS = YES;
				CLANG_WARN_DIRECT_OBJC_ISA_USAGE = YES_ERROR;
				CLANG_WARN_DOCUMENTATION_COMMENTS = YES;
				CLANG_WARN_EMPTY_BODY = YES;
				CLANG_WARN_ENUM_CONVERSION = YES;
				CLANG_WARN_INFINITE_RECURSION = YES;
				CLANG_WARN_INT_CONVERSION = YES;
				CLANG_WARN_NON_LITERAL_NULL_CONVERSION = YES;
				CLANG_WARN_OBJC_IMPLICIT_RETAIN_SELF = YES;
				CLANG_WARN_OBJC_LITERAL_CONVERSION = YES;
				CLANG_WARN_OBJC_ROOT_CLASS = YES_ERROR;
				CLANG_WARN_QUOTED_INCLUDE_IN_FRAMEWORK_HEADER = YES;
				CLANG_WARN_RANGE_LOOP_ANALYSIS = YES;
				CLANG_WARN_STRICT_PROTOTYPES = YES;
				CLANG_WARN_SUSPICIOUS_MOVE = YES;
				CLANG_WARN_UNGUARDED_AVAILABILITY = YES_AGGRESSIVE;
				CLANG_WARN_UNREACHABLE_CODE = YES;
				CLANG_WARN__DUPLICATE_METHOD_MATCH = YES;
				COPY_PHASE_STRIP = NO;
				DEBUG_INFORMATION_FORMAT = dwarf;
				ENABLE_STRICT_OBJC_MSGSEND = YES;
				ENABLE_TESTABILITY = YES;
				GCC_C_LANGUAGE_STANDARD = gnu11;
				GCC_DYNAMIC_NO_PIC = NO;
				GCC_NO_COMMON_BLOCKS = YES;
				GCC_OPTIMIZATION_LEVEL = 0;
				GCC_PREPROCESSOR_DEFINITIONS = (
					"DEBUG=1",
					"$(inherited)",
				);
				GCC_WARN_64_TO_32_BIT_CONVERSION = YES;
				GCC_WARN_ABOUT_RETURN_TYPE = YES_ERROR;
				GCC_WARN_UNDECLARED_SELECTOR = YES;
				GCC_WARN_UNINITIALIZED_AUTOS = YES_AGGRESSIVE;
				GCC_WARN_UNUSED_FUNCTION = YES;
				GCC_WARN_UNUSED_VARIABLE = YES;
				IPHONEOS_DEPLOYMENT_TARGET = 15.5;
				MTL_ENABLE_DEBUG_INFO = INCLUDE_SOURCE;
				MTL_FAST_MATH = YES;
				ONLY_ACTIVE_ARCH = YES;
				SDKROOT = iphoneos;
				SWIFT_ACTIVE_COMPILATION_CONDITIONS = DEBUG;
				SWIFT_OPTIMIZATION_LEVEL = "-Onone";
			};
			name = Debug;
		};
		C5F69ACE28BC538400BD823C /* Release */ = {
			isa = XCBuildConfiguration;
			buildSettings = {
				ALWAYS_SEARCH_USER_PATHS = NO;
				CLANG_ANALYZER_NONNULL = YES;
				CLANG_ANALYZER_NUMBER_OBJECT_CONVERSION = YES_AGGRESSIVE;
				CLANG_CXX_LANGUAGE_STANDARD = "gnu++17";
				CLANG_ENABLE_MODULES = YES;
				CLANG_ENABLE_OBJC_ARC = YES;
				CLANG_ENABLE_OBJC_WEAK = YES;
				CLANG_WARN_BLOCK_CAPTURE_AUTORELEASING = YES;
				CLANG_WARN_BOOL_CONVERSION = YES;
				CLANG_WARN_COMMA = YES;
				CLANG_WARN_CONSTANT_CONVERSION = YES;
				CLANG_WARN_DEPRECATED_OBJC_IMPLEMENTATIONS = YES;
				CLANG_WARN_DIRECT_OBJC_ISA_USAGE = YES_ERROR;
				CLANG_WARN_DOCUMENTATION_COMMENTS = YES;
				CLANG_WARN_EMPTY_BODY = YES;
				CLANG_WARN_ENUM_CONVERSION = YES;
				CLANG_WARN_INFINITE_RECURSION = YES;
				CLANG_WARN_INT_CONVERSION = YES;
				CLANG_WARN_NON_LITERAL_NULL_CONVERSION = YES;
				CLANG_WARN_OBJC_IMPLICIT_RETAIN_SELF = YES;
				CLANG_WARN_OBJC_LITERAL_CONVERSION = YES;
				CLANG_WARN_OBJC_ROOT_CLASS = YES_ERROR;
				CLANG_WARN_QUOTED_INCLUDE_IN_FRAMEWORK_HEADER = YES;
				CLANG_WARN_RANGE_LOOP_ANALYSIS = YES;
				CLANG_WARN_STRICT_PROTOTYPES = YES;
				CLANG_WARN_SUSPICIOUS_MOVE = YES;
				CLANG_WARN_UNGUARDED_AVAILABILITY = YES_AGGRESSIVE;
				CLANG_WARN_UNREACHABLE_CODE = YES;
				CLANG_WARN__DUPLICATE_METHOD_MATCH = YES;
				COPY_PHASE_STRIP = NO;
				DEBUG_INFORMATION_FORMAT = "dwarf-with-dsym";
				ENABLE_NS_ASSERTIONS = NO;
				ENABLE_STRICT_OBJC_MSGSEND = YES;
				GCC_C_LANGUAGE_STANDARD = gnu11;
				GCC_NO_COMMON_BLOCKS = YES;
				GCC_WARN_64_TO_32_BIT_CONVERSION = YES;
				GCC_WARN_ABOUT_RETURN_TYPE = YES_ERROR;
				GCC_WARN_UNDECLARED_SELECTOR = YES;
				GCC_WARN_UNINITIALIZED_AUTOS = YES_AGGRESSIVE;
				GCC_WARN_UNUSED_FUNCTION = YES;
				GCC_WARN_UNUSED_VARIABLE = YES;
				IPHONEOS_DEPLOYMENT_TARGET = 15.5;
				MTL_ENABLE_DEBUG_INFO = NO;
				MTL_FAST_MATH = YES;
				SDKROOT = iphoneos;
				SWIFT_COMPILATION_MODE = wholemodule;
				SWIFT_OPTIMIZATION_LEVEL = "-O";
				VALIDATE_PRODUCT = YES;
			};
			name = Release;
		};
		C5F69AD028BC538400BD823C /* Debug */ = {
			isa = XCBuildConfiguration;
			buildSettings = {
				ASSETCATALOG_COMPILER_APPICON_NAME = AppIcon;
				ASSETCATALOG_COMPILER_GLOBAL_ACCENT_COLOR_NAME = AccentColor;
				CODE_SIGN_STYLE = Automatic;
				CURRENT_PROJECT_VERSION = 1;
				DEVELOPMENT_TEAM = W97GTPRX7R;
				GENERATE_INFOPLIST_FILE = YES;
				INFOPLIST_FILE = LetterToEvent/Info.plist;
				INFOPLIST_KEY_UIApplicationSupportsIndirectInputEvents = YES;
				INFOPLIST_KEY_UILaunchStoryboardName = LaunchScreen;
				INFOPLIST_KEY_UIMainStoryboardFile = Main;
				INFOPLIST_KEY_UISupportedInterfaceOrientations_iPad = "UIInterfaceOrientationPortrait UIInterfaceOrientationPortraitUpsideDown UIInterfaceOrientationLandscapeLeft UIInterfaceOrientationLandscapeRight";
				INFOPLIST_KEY_UISupportedInterfaceOrientations_iPhone = "UIInterfaceOrientationPortrait UIInterfaceOrientationLandscapeLeft UIInterfaceOrientationLandscapeRight";
				IPHONEOS_DEPLOYMENT_TARGET = 16.0;
				LD_RUNPATH_SEARCH_PATHS = (
					"$(inherited)",
					"@executable_path/Frameworks",
				);
				MARKETING_VERSION = 1.0;
				PRODUCT_BUNDLE_IDENTIFIER = com.Tangpie.LetterToEvent;
				PRODUCT_NAME = "$(TARGET_NAME)";
				SWIFT_EMIT_LOC_STRINGS = YES;
				SWIFT_VERSION = 5.0;
				TARGETED_DEVICE_FAMILY = "1,2";
			};
			name = Debug;
		};
		C5F69AD128BC538400BD823C /* Release */ = {
			isa = XCBuildConfiguration;
			buildSettings = {
				ASSETCATALOG_COMPILER_APPICON_NAME = AppIcon;
				ASSETCATALOG_COMPILER_GLOBAL_ACCENT_COLOR_NAME = AccentColor;
				CODE_SIGN_STYLE = Automatic;
				CURRENT_PROJECT_VERSION = 1;
				DEVELOPMENT_TEAM = W97GTPRX7R;
				GENERATE_INFOPLIST_FILE = YES;
				INFOPLIST_FILE = LetterToEvent/Info.plist;
				INFOPLIST_KEY_UIApplicationSupportsIndirectInputEvents = YES;
				INFOPLIST_KEY_UILaunchStoryboardName = LaunchScreen;
				INFOPLIST_KEY_UIMainStoryboardFile = Main;
				INFOPLIST_KEY_UISupportedInterfaceOrientations_iPad = "UIInterfaceOrientationPortrait UIInterfaceOrientationPortraitUpsideDown UIInterfaceOrientationLandscapeLeft UIInterfaceOrientationLandscapeRight";
				INFOPLIST_KEY_UISupportedInterfaceOrientations_iPhone = "UIInterfaceOrientationPortrait UIInterfaceOrientationLandscapeLeft UIInterfaceOrientationLandscapeRight";
				IPHONEOS_DEPLOYMENT_TARGET = 16.0;
				LD_RUNPATH_SEARCH_PATHS = (
					"$(inherited)",
					"@executable_path/Frameworks",
				);
				MARKETING_VERSION = 1.0;
				PRODUCT_BUNDLE_IDENTIFIER = com.Tangpie.LetterToEvent;
				PRODUCT_NAME = "$(TARGET_NAME)";
				SWIFT_EMIT_LOC_STRINGS = YES;
				SWIFT_VERSION = 5.0;
				TARGETED_DEVICE_FAMILY = "1,2";
			};
			name = Release;
		};
		C5F69AD328BC538400BD823C /* Debug */ = {
			isa = XCBuildConfiguration;
			buildSettings = {
				ALWAYS_EMBED_SWIFT_STANDARD_LIBRARIES = YES;
				BUNDLE_LOADER = "$(TEST_HOST)";
				CODE_SIGN_STYLE = Automatic;
				CURRENT_PROJECT_VERSION = 1;
				DEVELOPMENT_TEAM = W97GTPRX7R;
				GENERATE_INFOPLIST_FILE = YES;
				IPHONEOS_DEPLOYMENT_TARGET = 15.5;
				MARKETING_VERSION = 1.0;
				PRODUCT_BUNDLE_IDENTIFIER = com.Tangpie.LetterToEventTests;
				PRODUCT_NAME = "$(TARGET_NAME)";
				SWIFT_EMIT_LOC_STRINGS = NO;
				SWIFT_VERSION = 5.0;
				TARGETED_DEVICE_FAMILY = "1,2";
				TEST_HOST = "$(BUILT_PRODUCTS_DIR)/LetterToEvent.app/LetterToEvent";
			};
			name = Debug;
		};
		C5F69AD428BC538400BD823C /* Release */ = {
			isa = XCBuildConfiguration;
			buildSettings = {
				ALWAYS_EMBED_SWIFT_STANDARD_LIBRARIES = YES;
				BUNDLE_LOADER = "$(TEST_HOST)";
				CODE_SIGN_STYLE = Automatic;
				CURRENT_PROJECT_VERSION = 1;
				DEVELOPMENT_TEAM = W97GTPRX7R;
				GENERATE_INFOPLIST_FILE = YES;
				IPHONEOS_DEPLOYMENT_TARGET = 15.5;
				MARKETING_VERSION = 1.0;
				PRODUCT_BUNDLE_IDENTIFIER = com.Tangpie.LetterToEventTests;
				PRODUCT_NAME = "$(TARGET_NAME)";
				SWIFT_EMIT_LOC_STRINGS = NO;
				SWIFT_VERSION = 5.0;
				TARGETED_DEVICE_FAMILY = "1,2";
				TEST_HOST = "$(BUILT_PRODUCTS_DIR)/LetterToEvent.app/LetterToEvent";
			};
			name = Release;
		};
		C5F69AD628BC538400BD823C /* Debug */ = {
			isa = XCBuildConfiguration;
			buildSettings = {
				ALWAYS_EMBED_SWIFT_STANDARD_LIBRARIES = YES;
				CODE_SIGN_STYLE = Automatic;
				CURRENT_PROJECT_VERSION = 1;
				DEVELOPMENT_TEAM = W97GTPRX7R;
				GENERATE_INFOPLIST_FILE = YES;
				MARKETING_VERSION = 1.0;
				PRODUCT_BUNDLE_IDENTIFIER = com.Tangpie.LetterToEventUITests;
				PRODUCT_NAME = "$(TARGET_NAME)";
				SWIFT_EMIT_LOC_STRINGS = NO;
				SWIFT_VERSION = 5.0;
				TARGETED_DEVICE_FAMILY = "1,2";
				TEST_TARGET_NAME = LetterToEvent;
			};
			name = Debug;
		};
		C5F69AD728BC538400BD823C /* Release */ = {
			isa = XCBuildConfiguration;
			buildSettings = {
				ALWAYS_EMBED_SWIFT_STANDARD_LIBRARIES = YES;
				CODE_SIGN_STYLE = Automatic;
				CURRENT_PROJECT_VERSION = 1;
				DEVELOPMENT_TEAM = W97GTPRX7R;
				GENERATE_INFOPLIST_FILE = YES;
				MARKETING_VERSION = 1.0;
				PRODUCT_BUNDLE_IDENTIFIER = com.Tangpie.LetterToEventUITests;
				PRODUCT_NAME = "$(TARGET_NAME)";
				SWIFT_EMIT_LOC_STRINGS = NO;
				SWIFT_VERSION = 5.0;
				TARGETED_DEVICE_FAMILY = "1,2";
				TEST_TARGET_NAME = LetterToEvent;
			};
			name = Release;
		};
/* End XCBuildConfiguration section */

/* Begin XCConfigurationList section */
		C5F69AA028BC538300BD823C /* Build configuration list for PBXProject "LetterToEvent" */ = {
			isa = XCConfigurationList;
			buildConfigurations = (
				C5F69ACD28BC538400BD823C /* Debug */,
				C5F69ACE28BC538400BD823C /* Release */,
			);
			defaultConfigurationIsVisible = 0;
			defaultConfigurationName = Release;
		};
		C5F69ACF28BC538400BD823C /* Build configuration list for PBXNativeTarget "LetterToEvent" */ = {
			isa = XCConfigurationList;
			buildConfigurations = (
				C5F69AD028BC538400BD823C /* Debug */,
				C5F69AD128BC538400BD823C /* Release */,
			);
			defaultConfigurationIsVisible = 0;
			defaultConfigurationName = Release;
		};
		C5F69AD228BC538400BD823C /* Build configuration list for PBXNativeTarget "LetterToEventTests" */ = {
			isa = XCConfigurationList;
			buildConfigurations = (
				C5F69AD328BC538400BD823C /* Debug */,
				C5F69AD428BC538400BD823C /* Release */,
			);
			defaultConfigurationIsVisible = 0;
			defaultConfigurationName = Release;
		};
		C5F69AD528BC538400BD823C /* Build configuration list for PBXNativeTarget "LetterToEventUITests" */ = {
			isa = XCConfigurationList;
			buildConfigurations = (
				C5F69AD628BC538400BD823C /* Debug */,
				C5F69AD728BC538400BD823C /* Release */,
			);
			defaultConfigurationIsVisible = 0;
			defaultConfigurationName = Release;
		};
/* End XCConfigurationList section */
	};
	rootObject = C5F69A9D28BC538300BD823C /* Project object */;
}
